
Microsoft Visual Studio Solution File, Format Version 12.00
# Visual Studio Version 17
VisualStudioVersion = 17.3.32825.248
MinimumVisualStudioVersion = 10.0.40219.1
Project("{FAE04EC0-301F-11D3-BF4B-00C04F79EFBC}") = "In class ex", "In class ex.csproj", "{8C856FFC-8804-420D-82B2-AC21F846C8ED}"
EndProject
Project("{9A19103F-16F7-4668-BE54-9A1E7A4F7556}") = "exercise-2", "exercise-2\exercise-2.csproj", "{E1E28F90-0F8D-49D8-B0D0-671F6656312C}"
EndProject
Project("{FAE04EC0-301F-11D3-BF4B-00C04F79EFBC}") = "exercise-2-tests", "..\exercise-2-tests\exercise-2-tests.csproj", "{9EEC21A8-AA3A-4AF9-A2CD-8861F92422D3}"
EndProject
Global
	GlobalSection(SolutionConfigurationPlatforms) = preSolution
		Debug|Any CPU = Debug|Any CPU
		Release|Any CPU = Release|Any CPU
	EndGlobalSection
	GlobalSection(ProjectConfigurationPlatforms) = postSolution
		{8C856FFC-8804-420D-82B2-AC21F846C8ED}.Debug|Any CPU.ActiveCfg = Debug|Any CPU
		{8C856FFC-8804-420D-82B2-AC21F846C8ED}.Debug|Any CPU.Build.0 = Debug|Any CPU
		{8C856FFC-8804-420D-82B2-AC21F846C8ED}.Release|Any CPU.ActiveCfg = Release|Any CPU
		{8C856FFC-8804-420D-82B2-AC21F846C8ED}.Release|Any CPU.Build.0 = Release|Any CPU
		{E1E28F90-0F8D-49D8-B0D0-671F6656312C}.Debug|Any CPU.ActiveCfg = Debug|Any CPU
		{E1E28F90-0F8D-49D8-B0D0-671F6656312C}.Debug|Any CPU.Build.0 = Debug|Any CPU
		{E1E28F90-0F8D-49D8-B0D0-671F6656312C}.Release|Any CPU.ActiveCfg = Release|Any CPU
		{E1E28F90-0F8D-49D8-B0D0-671F6656312C}.Release|Any CPU.Build.0 = Release|Any CPU
		{9EEC21A8-AA3A-4AF9-A2CD-8861F92422D3}.Debug|Any CPU.ActiveCfg = Debug|Any CPU
		{9EEC21A8-AA3A-4AF9-A2CD-8861F92422D3}.Debug|Any CPU.Build.0 = Debug|Any CPU
		{9EEC21A8-AA3A-4AF9-A2CD-8861F92422D3}.Release|Any CPU.ActiveCfg = Release|Any CPU
		{9EEC21A8-AA3A-4AF9-A2CD-8861F92422D3}.Release|Any CPU.Build.0 = Release|Any CPU
	EndGlobalSection
	GlobalSection(SolutionProperties) = preSolution
		HideSolutionNode = FALSE
	EndGlobalSection
	GlobalSection(ExtensibilityGlobals) = postSolution
		SolutionGuid = {88C3AB33-6DB6-47F3-8B2E-F011794008E3}
	EndGlobalSection
EndGlobal
