
Microsoft Visual Studio Solution File, Format Version 12.00
# Visual Studio Version 17
VisualStudioVersion = 17.3.32825.248
MinimumVisualStudioVersion = 10.0.40219.1
Project("{9A19103F-16F7-4668-BE54-9A1E7A4F7556}") = "3.1", "3.1\3.1.csproj", "{566E50B7-2043-4543-BA2D-A70C5FC2CD7A}"
EndProject
Project("{9A19103F-16F7-4668-BE54-9A1E7A4F7556}") = "3.2-HelloWorld", "3.2-HelloWorld\3.2-HelloWorld.csproj", "{B4295EF8-4B65-4615-B83B-D615EE5D2CDA}"
EndProject
Project("{9A19103F-16F7-4668-BE54-9A1E7A4F7556}") = "3.2-HelloWorldTests", "3.2-HelloWorldTests\3.2-HelloWorldTests.csproj", "{C307FABB-9AB4-4527-BCA1-2D92571BC0CC}"
EndProject
Project("{FAE04EC0-301F-11D3-BF4B-00C04F79EFBC}") = "4.3-HelloWorldFileStream", "4.3-HelloWorldFileStream\4.3-HelloWorldFileStream.csproj", "{7658923A-587D-44B0-AF70-D138DEF264A9}"
EndProject
Global
	GlobalSection(SolutionConfigurationPlatforms) = preSolution
		Debug|Any CPU = Debug|Any CPU
		Release|Any CPU = Release|Any CPU
	EndGlobalSection
	GlobalSection(ProjectConfigurationPlatforms) = postSolution
		{566E50B7-2043-4543-BA2D-A70C5FC2CD7A}.Debug|Any CPU.ActiveCfg = Debug|Any CPU
		{566E50B7-2043-4543-BA2D-A70C5FC2CD7A}.Debug|Any CPU.Build.0 = Debug|Any CPU
		{566E50B7-2043-4543-BA2D-A70C5FC2CD7A}.Release|Any CPU.ActiveCfg = Release|Any CPU
		{566E50B7-2043-4543-BA2D-A70C5FC2CD7A}.Release|Any CPU.Build.0 = Release|Any CPU
		{B4295EF8-4B65-4615-B83B-D615EE5D2CDA}.Debug|Any CPU.ActiveCfg = Debug|Any CPU
		{B4295EF8-4B65-4615-B83B-D615EE5D2CDA}.Debug|Any CPU.Build.0 = Debug|Any CPU
		{B4295EF8-4B65-4615-B83B-D615EE5D2CDA}.Release|Any CPU.ActiveCfg = Release|Any CPU
		{B4295EF8-4B65-4615-B83B-D615EE5D2CDA}.Release|Any CPU.Build.0 = Release|Any CPU
		{C307FABB-9AB4-4527-BCA1-2D92571BC0CC}.Debug|Any CPU.ActiveCfg = Debug|Any CPU
		{C307FABB-9AB4-4527-BCA1-2D92571BC0CC}.Debug|Any CPU.Build.0 = Debug|Any CPU
		{C307FABB-9AB4-4527-BCA1-2D92571BC0CC}.Release|Any CPU.ActiveCfg = Release|Any CPU
		{C307FABB-9AB4-4527-BCA1-2D92571BC0CC}.Release|Any CPU.Build.0 = Release|Any CPU
		{7658923A-587D-44B0-AF70-D138DEF264A9}.Debug|Any CPU.ActiveCfg = Debug|Any CPU
		{7658923A-587D-44B0-AF70-D138DEF264A9}.Debug|Any CPU.Build.0 = Debug|Any CPU
		{7658923A-587D-44B0-AF70-D138DEF264A9}.Release|Any CPU.ActiveCfg = Release|Any CPU
		{7658923A-587D-44B0-AF70-D138DEF264A9}.Release|Any CPU.Build.0 = Release|Any CPU
	EndGlobalSection
	GlobalSection(SolutionProperties) = preSolution
		HideSolutionNode = FALSE
	EndGlobalSection
	GlobalSection(ExtensibilityGlobals) = postSolution
		SolutionGuid = {50ED6269-9DA3-488D-9BEC-0709D8E873AB}
	EndGlobalSection
EndGlobal
